// !$*UTF8*$!
{
	archiveVersion = 1;
	classes = {
	};
	objectVersion = 77;
	objects = {

/* Begin PBXBuildFile section */
		01DEDE77CB61E51208811473 /* Haptics.swift in Sources */ = {isa = PBXBuildFile; fileRef = DFB2CFDD3C8B1FC59A1B334B /* Haptics.swift */; };
		087255D7AD251180A54BA484 /* Player.swift in Sources */ = {isa = PBXBuildFile; fileRef = 65BEAA76F16A1B2614F39970 /* Player.swift */; };
		1B894D0C7061170CB4FC98EB /* AIEngine.swift in Sources */ = {isa = PBXBuildFile; fileRef = B6F8A3B43696D5A0595BD04A /* AIEngine.swift */; };
		27EB4520B4501CC9DE04BD50 /* GameView.swift in Sources */ = {isa = PBXBuildFile; fileRef = 391FE0BF74B3B416FBF2D47C /* GameView.swift */; };
		3002A037BD64869809E19AFB /* Localization.swift in Sources */ = {isa = PBXBuildFile; fileRef = 2901B606C7D032817C8FB79F /* Localization.swift */; };
		3FD98643F381898E395E8D4F /* Token.swift in Sources */ = {isa = PBXBuildFile; fileRef = F8EA42CC91ECE6D804EB845D /* Token.swift */; };
		54E4D22CD50E338CF0F9A54A /* GameModel.swift in Sources */ = {isa = PBXBuildFile; fileRef = D2B7B4204074AA42FE8541A5 /* GameModel.swift */; };
		62C749BF7D7372241CDD739B /* BoardView.swift in Sources */ = {isa = PBXBuildFile; fileRef = E4B7DABBAEDB7F8B24F4CD11 /* BoardView.swift */; };
		64D8EA1CDB5C15C617997DA3 /* Assets.xcassets in Resources */ = {isa = PBXBuildFile; fileRef = DDFC471B79DFF20D4606C447 /* Assets.xcassets */; };
		65F4B03C30E080430436143E /* ContentView.swift in Sources */ = {isa = PBXBuildFile; fileRef = 73BAFB0218B863C700473883 /* ContentView.swift */; };
		71AE5EEA311645097E282B58 /* UpgradeView.swift in Sources */ = {isa = PBXBuildFile; fileRef = C10AF45FCCC9DB660D7B0BE1 /* UpgradeView.swift */; };
		7A7B5C6CEED353158960589C /* DieView.swift in Sources */ = {isa = PBXBuildFile; fileRef = E6996895D24AF3CB49191B1E /* DieView.swift */; };
		8B2477D2210B5969166327A5 /* CoCaNguaApp.swift in Sources */ = {isa = PBXBuildFile; fileRef = 0D28DB8FF737AD167CDF474E /* CoCaNguaApp.swift */; };
		93EB5D5A439F16D0FEA63990 /* RulesView.swift in Sources */ = {isa = PBXBuildFile; fileRef = C6DE73B68099045F5554DFBF /* RulesView.swift */; };
		A3D6DB4695B33CFEFED0C717 /* Board.swift in Sources */ = {isa = PBXBuildFile; fileRef = A6FD02758D5214855B499C97 /* Board.swift */; };
		AA4BFD47A07BAA2F23B67F8E /* PurchaseManager.swift in Sources */ = {isa = PBXBuildFile; fileRef = DD33B00E91C251DC12111B69 /* PurchaseManager.swift */; };
		B947BFFAFA61D0754CA127E3 /* HomeView.swift in Sources */ = {isa = PBXBuildFile; fileRef = 66DB6A2A6E8DCBBE9587086C /* HomeView.swift */; };
		D1EFB842B8BFF6024FCEC278 /* Localizable.strings in Resources */ = {isa = PBXBuildFile; fileRef = 46EEE68543C7E40A34BFAC3C /* Localizable.strings */; };
		E5BED198C7161D49EC5B3807 /* OnboardingView.swift in Sources */ = {isa = PBXBuildFile; fileRef = B2941A14DDA24F253B24E29F /* OnboardingView.swift */; };
/* End PBXBuildFile section */

/* Begin PBXFileReference section */
		009530BC469BFA317D3B529F /* en */ = {isa = PBXFileReference; lastKnownFileType = text.plist.strings; name = en; path = en.lproj/Localizable.strings; sourceTree = "<group>"; };
		0411FB3BBF3D8ED40559003C /* vi */ = {isa = PBXFileReference; lastKnownFileType = text.plist.strings; name = vi; path = vi.lproj/Localizable.strings; sourceTree = "<group>"; };
		0D28DB8FF737AD167CDF474E /* CoCaNguaApp.swift */ = {isa = PBXFileReference; lastKnownFileType = sourcecode.swift; path = CoCaNguaApp.swift; sourceTree = "<group>"; };
		1303C54FB7DF14D0FF1EA8E6 /* CoCaNgua.app */ = {isa = PBXFileReference; includeInIndex = 0; lastKnownFileType = wrapper.application; path = CoCaNgua.app; sourceTree = BUILT_PRODUCTS_DIR; };
		2901B606C7D032817C8FB79F /* Localization.swift */ = {isa = PBXFileReference; lastKnownFileType = sourcecode.swift; path = Localization.swift; sourceTree = "<group>"; };
		391FE0BF74B3B416FBF2D47C /* GameView.swift */ = {isa = PBXFileReference; lastKnownFileType = sourcecode.swift; path = GameView.swift; sourceTree = "<group>"; };
		65BEAA76F16A1B2614F39970 /* Player.swift */ = {isa = PBXFileReference; lastKnownFileType = sourcecode.swift; path = Player.swift; sourceTree = "<group>"; };
		66DB6A2A6E8DCBBE9587086C /* HomeView.swift */ = {isa = PBXFileReference; lastKnownFileType = sourcecode.swift; path = HomeView.swift; sourceTree = "<group>"; };
		73BAFB0218B863C700473883 /* ContentView.swift */ = {isa = PBXFileReference; lastKnownFileType = sourcecode.swift; path = ContentView.swift; sourceTree = "<group>"; };
		A6FD02758D5214855B499C97 /* Board.swift */ = {isa = PBXFileReference; lastKnownFileType = sourcecode.swift; path = Board.swift; sourceTree = "<group>"; };
		B2941A14DDA24F253B24E29F /* OnboardingView.swift */ = {isa = PBXFileReference; lastKnownFileType = sourcecode.swift; path = OnboardingView.swift; sourceTree = "<group>"; };
		B6F8A3B43696D5A0595BD04A /* AIEngine.swift */ = {isa = PBXFileReference; lastKnownFileType = sourcecode.swift; path = AIEngine.swift; sourceTree = "<group>"; };
		C10AF45FCCC9DB660D7B0BE1 /* UpgradeView.swift */ = {isa = PBXFileReference; lastKnownFileType = sourcecode.swift; path = UpgradeView.swift; sourceTree = "<group>"; };
		C6DE73B68099045F5554DFBF /* RulesView.swift */ = {isa = PBXFileReference; lastKnownFileType = sourcecode.swift; path = RulesView.swift; sourceTree = "<group>"; };
		D2B7B4204074AA42FE8541A5 /* GameModel.swift */ = {isa = PBXFileReference; lastKnownFileType = sourcecode.swift; path = GameModel.swift; sourceTree = "<group>"; };
		DD33B00E91C251DC12111B69 /* PurchaseManager.swift */ = {isa = PBXFileReference; lastKnownFileType = sourcecode.swift; path = PurchaseManager.swift; sourceTree = "<group>"; };
		DDFC471B79DFF20D4606C447 /* Assets.xcassets */ = {isa = PBXFileReference; lastKnownFileType = folder.assetcatalog; path = Assets.xcassets; sourceTree = "<group>"; };
		DFB2CFDD3C8B1FC59A1B334B /* Haptics.swift */ = {isa = PBXFileReference; lastKnownFileType = sourcecode.swift; path = Haptics.swift; sourceTree = "<group>"; };
		E4B7DABBAEDB7F8B24F4CD11 /* BoardView.swift */ = {isa = PBXFileReference; lastKnownFileType = sourcecode.swift; path = BoardView.swift; sourceTree = "<group>"; };
		E6996895D24AF3CB49191B1E /* DieView.swift */ = {isa = PBXFileReference; lastKnownFileType = sourcecode.swift; path = DieView.swift; sourceTree = "<group>"; };
		F8EA42CC91ECE6D804EB845D /* Token.swift */ = {isa = PBXFileReference; lastKnownFileType = sourcecode.swift; path = Token.swift; sourceTree = "<group>"; };
/* End PBXFileReference section */

/* Begin PBXGroup section */
		58BD4206520D9853C270BC99 /* Core */ = {
			isa = PBXGroup;
			children = (
				B6F8A3B43696D5A0595BD04A /* AIEngine.swift */,
				A6FD02758D5214855B499C97 /* Board.swift */,
				D2B7B4204074AA42FE8541A5 /* GameModel.swift */,
				DFB2CFDD3C8B1FC59A1B334B /* Haptics.swift */,
				2901B606C7D032817C8FB79F /* Localization.swift */,
				65BEAA76F16A1B2614F39970 /* Player.swift */,
				DD33B00E91C251DC12111B69 /* PurchaseManager.swift */,
				F8EA42CC91ECE6D804EB845D /* Token.swift */,
			);
			path = Core;
			sourceTree = "<group>";
		};
		9B0E9D670966E0A215B41F97 /* Views */ = {
			isa = PBXGroup;
			children = (
				E4B7DABBAEDB7F8B24F4CD11 /* BoardView.swift */,
				E6996895D24AF3CB49191B1E /* DieView.swift */,
				391FE0BF74B3B416FBF2D47C /* GameView.swift */,
				66DB6A2A6E8DCBBE9587086C /* HomeView.swift */,
				B2941A14DDA24F253B24E29F /* OnboardingView.swift */,
				C6DE73B68099045F5554DFBF /* RulesView.swift */,
				C10AF45FCCC9DB660D7B0BE1 /* UpgradeView.swift */,
			);
			path = Views;
			sourceTree = "<group>";
		};
		AD836FC4F4540F9347510C4E /* CoCaNgua */ = {
			isa = PBXGroup;
			children = (
				DDFC471B79DFF20D4606C447 /* Assets.xcassets */,
				0D28DB8FF737AD167CDF474E /* CoCaNguaApp.swift */,
				73BAFB0218B863C700473883 /* ContentView.swift */,
				58BD4206520D9853C270BC99 /* Core */,
				46EEE68543C7E40A34BFAC3C /* Localizable.strings */,
				9B0E9D670966E0A215B41F97 /* Views */,
			);
			path = CoCaNgua;
			sourceTree = "<group>";
		};
		AF46335A3CF4D3B73818E609 = {
			isa = PBXGroup;
			children = (
				AD836FC4F4540F9347510C4E /* CoCaNgua */,
				CB15B4BFF528A99F9522FE44 /* Products */,
			);
			sourceTree = "<group>";
		};
		CB15B4BFF528A99F9522FE44 /* Products */ = {
			isa = PBXGroup;
			children = (
				1303C54FB7DF14D0FF1EA8E6 /* CoCaNgua.app */,
			);
			name = Products;
			sourceTree = "<group>";
		};
/* End PBXGroup section */

/* Begin PBXNativeTarget section */
		4C57619B05ED7B54EE6C4DCF /* CoCaNgua */ = {
			isa = PBXNativeTarget;
			buildConfigurationList = C5DF58CA21F18EEA38FC0F00 /* Build configuration list for PBXNativeTarget "CoCaNgua" */;
			buildPhases = (
				F3147681575BE3B83666B43E /* Sources */,
				7287EA8E4F663C5C017F50E6 /* Resources */,
			);
			buildRules = (
			);
			dependencies = (
			);
			name = CoCaNgua;
			packageProductDependencies = (
			);
			productName = CoCaNgua;
			productReference = 1303C54FB7DF14D0FF1EA8E6 /* CoCaNgua.app */;
			productType = "com.apple.product-type.application";
		};
/* End PBXNativeTarget section */

/* Begin PBXProject section */
		812235064875C08CA394058B /* Project object */ = {
			isa = PBXProject;
			attributes = {
				BuildIndependentTargetsInParallel = YES;
				LastUpgradeCheck = 1430;
				TargetAttributes = {
					4C57619B05ED7B54EE6C4DCF = {
						DevelopmentTeam = SM99L22Q84;
						ProvisioningStyle = Automatic;
					};
				};
			};
			buildConfigurationList = 41C9F97A4D7F1C77D2BC5032 /* Build configuration list for PBXProject "CoCaNgua" */;
			developmentRegion = en;
			hasScannedForEncodings = 0;
			knownRegions = (
				Base,
				en,
				vi,
			);
			mainGroup = AF46335A3CF4D3B73818E609;
			minimizedProjectReferenceProxies = 1;
			preferredProjectObjectVersion = 77;
			productRefGroup = CB15B4BFF528A99F9522FE44 /* Products */;
			projectDirPath = "";
			projectRoot = "";
			targets = (
				4C57619B05ED7B54EE6C4DCF /* CoCaNgua */,
			);
		};
/* End PBXProject section */

/* Begin PBXResourcesBuildPhase section */
		7287EA8E4F663C5C017F50E6 /* Resources */ = {
			isa = PBXResourcesBuildPhase;
			buildActionMask = 2147483647;
			files = (
				64D8EA1CDB5C15C617997DA3 /* Assets.xcassets in Resources */,
				D1EFB842B8BFF6024FCEC278 /* Localizable.strings in Resources */,
			);
			runOnlyForDeploymentPostprocessing = 0;
		};
/* End PBXResourcesBuildPhase section */

/* Begin PBXSourcesBuildPhase section */
		F3147681575BE3B83666B43E /* Sources */ = {
			isa = PBXSourcesBuildPhase;
			buildActionMask = 2147483647;
			files = (
				1B894D0C7061170CB4FC98EB /* AIEngine.swift in Sources */,
				A3D6DB4695B33CFEFED0C717 /* Board.swift in Sources */,
				62C749BF7D7372241CDD739B /* BoardView.swift in Sources */,
				8B2477D2210B5969166327A5 /* CoCaNguaApp.swift in Sources */,
				65F4B03C30E080430436143E /* ContentView.swift in Sources */,
				7A7B5C6CEED353158960589C /* DieView.swift in Sources */,
				54E4D22CD50E338CF0F9A54A /* GameModel.swift in Sources */,
				27EB4520B4501CC9DE04BD50 /* GameView.swift in Sources */,
				01DEDE77CB61E51208811473 /* Haptics.swift in Sources */,
				B947BFFAFA61D0754CA127E3 /* HomeView.swift in Sources */,
				3002A037BD64869809E19AFB /* Localization.swift in Sources */,
				E5BED198C7161D49EC5B3807 /* OnboardingView.swift in Sources */,
				087255D7AD251180A54BA484 /* Player.swift in Sources */,
				AA4BFD47A07BAA2F23B67F8E /* PurchaseManager.swift in Sources */,
				93EB5D5A439F16D0FEA63990 /* RulesView.swift in Sources */,
				3FD98643F381898E395E8D4F /* Token.swift in Sources */,
				71AE5EEA311645097E282B58 /* UpgradeView.swift in Sources */,
			);
			runOnlyForDeploymentPostprocessing = 0;
		};
/* End PBXSourcesBuildPhase section */

/* Begin PBXVariantGroup section */
		46EEE68543C7E40A34BFAC3C /* Localizable.strings */ = {
			isa = PBXVariantGroup;
			children = (
				009530BC469BFA317D3B529F /* en */,
				0411FB3BBF3D8ED40559003C /* vi */,
			);
			name = Localizable.strings;
			sourceTree = "<group>";
		};
/* End PBXVariantGroup section */

/* Begin XCBuildConfiguration section */
		47029F11F45541433D43D00A /* Release */ = {
			isa = XCBuildConfiguration;
			buildSettings = {
				ALWAYS_SEARCH_USER_PATHS = NO;
				CLANG_ANALYZER_NONNULL = YES;
				CLANG_ANALYZER_NUMBER_OBJECT_CONVERSION = YES_AGGRESSIVE;
				CLANG_CXX_LANGUAGE_STANDARD = "gnu++14";
				CLANG_CXX_LIBRARY = "libc++";
				CLANG_ENABLE_MODULES = YES;
				CLANG_ENABLE_OBJC_ARC = YES;
				CLANG_ENABLE_OBJC_WEAK = YES;
				CLANG_WARN_BLOCK_CAPTURE_AUTORELEASING = YES;
				CLANG_WARN_BOOL_CONVERSION = YES;
				CLANG_WARN_COMMA = YES;
				CLANG_WARN_CONSTANT_CONVERSION = YES;
				CLANG_WARN_DEPRECATED_OBJC_IMPLEMENTATIONS = YES;
				CLANG_WARN_DIRECT_OBJC_ISA_USAGE = YES_ERROR;
				CLANG_WARN_DOCUMENTATION_COMMENTS = YES;
				CLANG_WARN_EMPTY_BODY = YES;
				CLANG_WARN_ENUM_CONVERSION = YES;
				CLANG_WARN_INFINITE_RECURSION = YES;
				CLANG_WARN_INT_CONVERSION = YES;
				CLANG_WARN_NON_LITERAL_NULL_CONVERSION = YES;
				CLANG_WARN_OBJC_IMPLICIT_RETAIN_SELF = YES;
				CLANG_WARN_OBJC_LITERAL_CONVERSION = YES;
				CLANG_WARN_OBJC_ROOT_CLASS = YES_ERROR;
				CLANG_WARN_QUOTED_INCLUDE_IN_FRAMEWORK_HEADER = YES;
				CLANG_WARN_RANGE_LOOP_ANALYSIS = YES;
				CLANG_WARN_STRICT_PROTOTYPES = YES;
				CLANG_WARN_SUSPICIOUS_MOVE = YES;
				CLANG_WARN_UNGUARDED_AVAILABILITY = YES_AGGRESSIVE;
				CLANG_WARN_UNREACHABLE_CODE = YES;
				CLANG_WARN__DUPLICATE_METHOD_MATCH = YES;
				CODE_SIGN_STYLE = Automatic;
				COPY_PHASE_STRIP = NO;
				CURRENT_PROJECT_VERSION = 2;
				DEBUG_INFORMATION_FORMAT = "dwarf-with-dsym";
				DEVELOPMENT_TEAM = SM99L22Q84;
				ENABLE_NS_ASSERTIONS = NO;
				ENABLE_PREVIEWS = YES;
				ENABLE_STRICT_OBJC_MSGSEND = YES;
				GCC_C_LANGUAGE_STANDARD = gnu11;
				GCC_NO_COMMON_BLOCKS = YES;
				GCC_WARN_64_TO_32_BIT_CONVERSION = YES;
				GCC_WARN_ABOUT_RETURN_TYPE = YES_ERROR;
				GCC_WARN_UNDECLARED_SELECTOR = YES;
				GCC_WARN_UNINITIALIZED_AUTOS = YES_AGGRESSIVE;
				GCC_WARN_UNUSED_FUNCTION = YES;
				GCC_WARN_UNUSED_VARIABLE = YES;
				INFOPLIST_KEY_ITSAppUsesNonExemptEncryption = NO;
				IPHONEOS_DEPLOYMENT_TARGET = 16.0;
				MARKETING_VERSION = 1.0.1;
				MTL_ENABLE_DEBUG_INFO = NO;
				MTL_FAST_MATH = YES;
				PRODUCT_NAME = "$(TARGET_NAME)";
				SDKROOT = iphoneos;
				SWIFT_COMPILATION_MODE = wholemodule;
				SWIFT_OPTIMIZATION_LEVEL = "-O";
				SWIFT_VERSION = 5.0;
				TARGETED_DEVICE_FAMILY = 1;
			};
			name = Release;
		};
		538E3854FEB22B09787F8BD7 /* Debug */ = {
			isa = XCBuildConfiguration;
			buildSettings = {
				ASSETCATALOG_COMPILER_APPICON_NAME = AppIcon;
				CODE_SIGN_IDENTITY = "iPhone Developer";
				CURRENT_PROJECT_VERSION = 2;
				GENERATE_INFOPLIST_FILE = YES;
				INFOPLIST_FILE = Info.plist;
				INFOPLIST_KEY_CFBundleDisplayName = "Cờ Cá Ngựa";
				INFOPLIST_KEY_UILaunchScreen_Generation = YES;
				INFOPLIST_KEY_UISupportedInterfaceOrientations = UIInterfaceOrientationPortrait;
				INFOPLIST_KEY_UISupportedInterfaceOrientations_iPad = "UIInterfaceOrientationPortrait UIInterfaceOrientationPortraitUpsideDown";
				LD_RUNPATH_SEARCH_PATHS = (
					"$(inherited)",
					"@executable_path/Frameworks",
				);
				MARKETING_VERSION = 1.0.1;
				PRODUCT_BUNDLE_IDENTIFIER = com.quyenngo.cocangua;
				SDKROOT = iphoneos;
				TARGETED_DEVICE_FAMILY = 1;
			};
			name = Debug;
		};
		58AFFFD7488B8C32213E7A17 /* Release */ = {
			isa = XCBuildConfiguration;
			buildSettings = {
				ASSETCATALOG_COMPILER_APPICON_NAME = AppIcon;
				CODE_SIGN_IDENTITY = "iPhone Developer";
				CURRENT_PROJECT_VERSION = 2;
				GENERATE_INFOPLIST_FILE = YES;
				INFOPLIST_FILE = Info.plist;
				INFOPLIST_KEY_CFBundleDisplayName = "Cờ Cá Ngựa";
				INFOPLIST_KEY_UILaunchScreen_Generation = YES;
				INFOPLIST_KEY_UISupportedInterfaceOrientations = UIInterfaceOrientationPortrait;
				INFOPLIST_KEY_UISupportedInterfaceOrientations_iPad = "UIInterfaceOrientationPortrait UIInterfaceOrientationPortraitUpsideDown";
				LD_RUNPATH_SEARCH_PATHS = (
					"$(inherited)",
					"@executable_path/Frameworks",
				);
				MARKETING_VERSION = 1.0.1;
				PRODUCT_BUNDLE_IDENTIFIER = com.quyenngo.cocangua;
				SDKROOT = iphoneos;
				TARGETED_DEVICE_FAMILY = 1;
			};
			name = Release;
		};
		D048E6793771E82243A411A6 /* Debug */ = {
			isa = XCBuildConfiguration;
			buildSettings = {
				ALWAYS_SEARCH_USER_PATHS = NO;
				CLANG_ANALYZER_NONNULL = YES;
				CLANG_ANALYZER_NUMBER_OBJECT_CONVERSION = YES_AGGRESSIVE;
				CLANG_CXX_LANGUAGE_STANDARD = "gnu++14";
				CLANG_CXX_LIBRARY = "libc++";
				CLANG_ENABLE_MODULES = YES;
				CLANG_ENABLE_OBJC_ARC = YES;
				CLANG_ENABLE_OBJC_WEAK = YES;
				CLANG_WARN_BLOCK_CAPTURE_AUTORELEASING = YES;
				CLANG_WARN_BOOL_CONVERSION = YES;
				CLANG_WARN_COMMA = YES;
				CLANG_WARN_CONSTANT_CONVERSION = YES;
				CLANG_WARN_DEPRECATED_OBJC_IMPLEMENTATIONS = YES;
				CLANG_WARN_DIRECT_OBJC_ISA_USAGE = YES_ERROR;
				CLANG_WARN_DOCUMENTATION_COMMENTS = YES;
				CLANG_WARN_EMPTY_BODY = YES;
				CLANG_WARN_ENUM_CONVERSION = YES;
				CLANG_WARN_INFINITE_RECURSION = YES;
				CLANG_WARN_INT_CONVERSION = YES;
				CLANG_WARN_NON_LITERAL_NULL_CONVERSION = YES;
				CLANG_WARN_OBJC_IMPLICIT_RETAIN_SELF = YES;
				CLANG_WARN_OBJC_LITERAL_CONVERSION = YES;
				CLANG_WARN_OBJC_ROOT_CLASS = YES_ERROR;
				CLANG_WARN_QUOTED_INCLUDE_IN_FRAMEWORK_HEADER = YES;
				CLANG_WARN_RANGE_LOOP_ANALYSIS = YES;
				CLANG_WARN_STRICT_PROTOTYPES = YES;
				CLANG_WARN_SUSPICIOUS_MOVE = YES;
				CLANG_WARN_UNGUARDED_AVAILABILITY = YES_AGGRESSIVE;
				CLANG_WARN_UNREACHABLE_CODE = YES;
				CLANG_WARN__DUPLICATE_METHOD_MATCH = YES;
				CODE_SIGN_STYLE = Automatic;
				COPY_PHASE_STRIP = NO;
				CURRENT_PROJECT_VERSION = 2;
				DEBUG_INFORMATION_FORMAT = dwarf;
				DEVELOPMENT_TEAM = SM99L22Q84;
				ENABLE_PREVIEWS = YES;
				ENABLE_STRICT_OBJC_MSGSEND = YES;
				ENABLE_TESTABILITY = YES;
				GCC_C_LANGUAGE_STANDARD = gnu11;
				GCC_DYNAMIC_NO_PIC = NO;
				GCC_NO_COMMON_BLOCKS = YES;
				GCC_OPTIMIZATION_LEVEL = 0;
				GCC_PREPROCESSOR_DEFINITIONS = (
					"$(inherited)",
					"DEBUG=1",
				);
				GCC_WARN_64_TO_32_BIT_CONVERSION = YES;
				GCC_WARN_ABOUT_RETURN_TYPE = YES_ERROR;
				GCC_WARN_UNDECLARED_SELECTOR = YES;
				GCC_WARN_UNINITIALIZED_AUTOS = YES_AGGRESSIVE;
				GCC_WARN_UNUSED_FUNCTION = YES;
				GCC_WARN_UNUSED_VARIABLE = YES;
				INFOPLIST_KEY_ITSAppUsesNonExemptEncryption = NO;
				IPHONEOS_DEPLOYMENT_TARGET = 16.0;
				MARKETING_VERSION = 1.0.1;
				MTL_ENABLE_DEBUG_INFO = INCLUDE_SOURCE;
				MTL_FAST_MATH = YES;
				ONLY_ACTIVE_ARCH = YES;
				PRODUCT_NAME = "$(TARGET_NAME)";
				SDKROOT = iphoneos;
				SWIFT_ACTIVE_COMPILATION_CONDITIONS = DEBUG;
				SWIFT_OPTIMIZATION_LEVEL = "-Onone";
				SWIFT_VERSION = 5.0;
				TARGETED_DEVICE_FAMILY = 1;
			};
			name = Debug;
		};
/* End XCBuildConfiguration section */

/* Begin XCConfigurationList section */
		41C9F97A4D7F1C77D2BC5032 /* Build configuration list for PBXProject "CoCaNgua" */ = {
			isa = XCConfigurationList;
			buildConfigurations = (
				D048E6793771E82243A411A6 /* Debug */,
				47029F11F45541433D43D00A /* Release */,
			);
			defaultConfigurationIsVisible = 0;
			defaultConfigurationName = Debug;
		};
		C5DF58CA21F18EEA38FC0F00 /* Build configuration list for PBXNativeTarget "CoCaNgua" */ = {
			isa = XCConfigurationList;
			buildConfigurations = (
				538E3854FEB22B09787F8BD7 /* Debug */,
				58AFFFD7488B8C32213E7A17 /* Release */,
			);
			defaultConfigurationIsVisible = 0;
			defaultConfigurationName = Debug;
		};
/* End XCConfigurationList section */
	};
	rootObject = 812235064875C08CA394058B /* Project object */;
}
